
Microsoft Visual Studio Solution File, Format Version 12.00
# Visual Studio Version 17
VisualStudioVersion = 17.0.31903.59
MinimumVisualStudioVersion = 10.0.40219.1
Project("{FAE04EC0-301F-11D3-BF4B-00C04F79EFBC}") = "WinNotch", "src\WinNotch\WinNotch.csproj", "{A1B2C3D4-E5F6-7890-ABCD-EF1234567890}"
EndProject
Project("{FAE04EC0-301F-11D3-BF4B-00C04F79EFBC}") = "WinNotch.Tests", "tests\WinNotch.Tests\WinNotch.Tests.csproj", "{B2C3D4E5-F6A7-8901-BCDE-F12345678901}"
EndProject
Project("{2150E333-8FDC-42A3-9474-1A3956D46DE8}") = "Examples", "Examples", "{45726F8B-BC59-48E1-96BA-964273B7B0A3}"
EndProject
Project("{2150E333-8FDC-42A3-9474-1A3956D46DE8}") = "Plugins", "Plugins", "{E28B380F-F60F-4CBA-9DEE-D0F94D6BD615}"
EndProject
Project("{FAE04EC0-301F-11D3-BF4B-00C04F79EFBC}") = "TodoPeekPlugin", "Examples\Plugins\TodoPeekPlugin\TodoPeekPlugin.csproj", "{2A0B29A9-AD23-4A99-8667-89A26D822D0E}"
EndProject
Project("{FAE04EC0-301F-11D3-BF4B-00C04F79EFBC}") = "ClipboardStackPlugin", "Examples\Plugins\ClipboardStackPlugin\ClipboardStackPlugin.csproj", "{47B7D60A-E931-4371-A02C-A15914EE81DD}"
EndProject
Project("{FAE04EC0-301F-11D3-BF4B-00C04F79EFBC}") = "FocusTimerPlugin", "Examples\Plugins\FocusTimerPlugin\FocusTimerPlugin.csproj", "{5C730B1F-F9E6-4A3B-84C1-9151206BF01B}"
EndProject
Project("{FAE04EC0-301F-11D3-BF4B-00C04F79EFBC}") = "DownloadsWatcherPlugin", "Examples\Plugins\DownloadsWatcherPlugin\DownloadsWatcherPlugin.csproj", "{2E67DE70-2C6F-473E-93E8-A9B3B5A2923D}"
EndProject
Project("{FAE04EC0-301F-11D3-BF4B-00C04F79EFBC}") = "BetterAnimationPlugin", "Examples\Plugins\BetterAnimationPlugin\BetterAnimationPlugin.csproj", "{C3F23E25-DA11-4D74-BEAD-38106A0B19D9}"
EndProject
Project("{FAE04EC0-301F-11D3-BF4B-00C04F79EFBC}") = "ChatGPTAddonPlugin", "Examples\Plugins\ChatGPTAddonPlugin\ChatGPTAddonPlugin.csproj", "{5205EA72-9744-4607-873E-ADE33530530A}"
EndProject
Global
	GlobalSection(SolutionConfigurationPlatforms) = preSolution
		Debug|Any CPU = Debug|Any CPU
		Release|Any CPU = Release|Any CPU
	EndGlobalSection
	GlobalSection(ProjectConfigurationPlatforms) = postSolution
		{A1B2C3D4-E5F6-7890-ABCD-EF1234567890}.Debug|Any CPU.ActiveCfg = Debug|Any CPU
		{A1B2C3D4-E5F6-7890-ABCD-EF1234567890}.Debug|Any CPU.Build.0 = Debug|Any CPU
		{A1B2C3D4-E5F6-7890-ABCD-EF1234567890}.Release|Any CPU.ActiveCfg = Release|Any CPU
		{A1B2C3D4-E5F6-7890-ABCD-EF1234567890}.Release|Any CPU.Build.0 = Release|Any CPU
		{B2C3D4E5-F6A7-8901-BCDE-F12345678901}.Debug|Any CPU.ActiveCfg = Debug|Any CPU
		{B2C3D4E5-F6A7-8901-BCDE-F12345678901}.Debug|Any CPU.Build.0 = Debug|Any CPU
		{B2C3D4E5-F6A7-8901-BCDE-F12345678901}.Release|Any CPU.ActiveCfg = Release|Any CPU
		{B2C3D4E5-F6A7-8901-BCDE-F12345678901}.Release|Any CPU.Build.0 = Release|Any CPU
		{2A0B29A9-AD23-4A99-8667-89A26D822D0E}.Debug|Any CPU.ActiveCfg = Debug|Any CPU
		{2A0B29A9-AD23-4A99-8667-89A26D822D0E}.Debug|Any CPU.Build.0 = Debug|Any CPU
		{2A0B29A9-AD23-4A99-8667-89A26D822D0E}.Release|Any CPU.ActiveCfg = Release|Any CPU
		{2A0B29A9-AD23-4A99-8667-89A26D822D0E}.Release|Any CPU.Build.0 = Release|Any CPU
		{47B7D60A-E931-4371-A02C-A15914EE81DD}.Debug|Any CPU.ActiveCfg = Debug|Any CPU
		{47B7D60A-E931-4371-A02C-A15914EE81DD}.Debug|Any CPU.Build.0 = Debug|Any CPU
		{47B7D60A-E931-4371-A02C-A15914EE81DD}.Release|Any CPU.ActiveCfg = Release|Any CPU
		{47B7D60A-E931-4371-A02C-A15914EE81DD}.Release|Any CPU.Build.0 = Release|Any CPU
		{5C730B1F-F9E6-4A3B-84C1-9151206BF01B}.Debug|Any CPU.ActiveCfg = Debug|Any CPU
		{5C730B1F-F9E6-4A3B-84C1-9151206BF01B}.Debug|Any CPU.Build.0 = Debug|Any CPU
		{5C730B1F-F9E6-4A3B-84C1-9151206BF01B}.Release|Any CPU.ActiveCfg = Release|Any CPU
		{5C730B1F-F9E6-4A3B-84C1-9151206BF01B}.Release|Any CPU.Build.0 = Release|Any CPU
		{2E67DE70-2C6F-473E-93E8-A9B3B5A2923D}.Debug|Any CPU.ActiveCfg = Debug|Any CPU
		{2E67DE70-2C6F-473E-93E8-A9B3B5A2923D}.Debug|Any CPU.Build.0 = Debug|Any CPU
		{2E67DE70-2C6F-473E-93E8-A9B3B5A2923D}.Release|Any CPU.ActiveCfg = Release|Any CPU
		{2E67DE70-2C6F-473E-93E8-A9B3B5A2923D}.Release|Any CPU.Build.0 = Release|Any CPU
		{C3F23E25-DA11-4D74-BEAD-38106A0B19D9}.Debug|Any CPU.ActiveCfg = Debug|Any CPU
		{C3F23E25-DA11-4D74-BEAD-38106A0B19D9}.Debug|Any CPU.Build.0 = Debug|Any CPU
		{C3F23E25-DA11-4D74-BEAD-38106A0B19D9}.Release|Any CPU.ActiveCfg = Release|Any CPU
		{C3F23E25-DA11-4D74-BEAD-38106A0B19D9}.Release|Any CPU.Build.0 = Release|Any CPU
		{5205EA72-9744-4607-873E-ADE33530530A}.Debug|Any CPU.ActiveCfg = Debug|Any CPU
		{5205EA72-9744-4607-873E-ADE33530530A}.Debug|Any CPU.Build.0 = Debug|Any CPU
		{5205EA72-9744-4607-873E-ADE33530530A}.Release|Any CPU.ActiveCfg = Release|Any CPU
		{5205EA72-9744-4607-873E-ADE33530530A}.Release|Any CPU.Build.0 = Release|Any CPU
	EndGlobalSection
	GlobalSection(NestedProjects) = preSolution
		{E28B380F-F60F-4CBA-9DEE-D0F94D6BD615} = {45726F8B-BC59-48E1-96BA-964273B7B0A3}
		{2A0B29A9-AD23-4A99-8667-89A26D822D0E} = {E28B380F-F60F-4CBA-9DEE-D0F94D6BD615}
		{47B7D60A-E931-4371-A02C-A15914EE81DD} = {E28B380F-F60F-4CBA-9DEE-D0F94D6BD615}
		{5C730B1F-F9E6-4A3B-84C1-9151206BF01B} = {E28B380F-F60F-4CBA-9DEE-D0F94D6BD615}
		{2E67DE70-2C6F-473E-93E8-A9B3B5A2923D} = {E28B380F-F60F-4CBA-9DEE-D0F94D6BD615}
		{C3F23E25-DA11-4D74-BEAD-38106A0B19D9} = {E28B380F-F60F-4CBA-9DEE-D0F94D6BD615}
		{5205EA72-9744-4607-873E-ADE33530530A} = {E28B380F-F60F-4CBA-9DEE-D0F94D6BD615}
	EndGlobalSection
EndGlobal
